
Microsoft Visual Studio Solution File, Format Version 12.00
# Visual Studio 15
VisualStudioVersion = 15.0.27004.2002
MinimumVisualStudioVersion = 10.0.40219.1
Project("{FAE04EC0-301F-11D3-BF4B-00C04F79EFBC}") = "BOOM", "BOOM\BOOM.csproj", "{3B2278BE-1413-4521-AF10-3F1AB4780265}"
EndProject
Project("{FAE04EC0-301F-11D3-BF4B-00C04F79EFBC}") = "BOOM_Minimizer_Test", "BOOM_Minimizer_Test\BOOM_Minimizer_Test.csproj", "{A4C000B7-7928-4FC8-B37C-54BAB382C206}"
EndProject
Global
	GlobalSection(SolutionConfigurationPlatforms) = preSolution
		Debug|Any CPU = Debug|Any CPU
		Release|Any CPU = Release|Any CPU
	EndGlobalSection
	GlobalSection(ProjectConfigurationPlatforms) = postSolution
		{3B2278BE-1413-4521-AF10-3F1AB4780265}.Debug|Any CPU.ActiveCfg = Debug|Any CPU
		{3B2278BE-1413-4521-AF10-3F1AB4780265}.Debug|Any CPU.Build.0 = Debug|Any CPU
		{3B2278BE-1413-4521-AF10-3F1AB4780265}.Release|Any CPU.ActiveCfg = Release|Any CPU
		{3B2278BE-1413-4521-AF10-3F1AB4780265}.Release|Any CPU.Build.0 = Release|Any CPU
		{A4C000B7-7928-4FC8-B37C-54BAB382C206}.Debug|Any CPU.ActiveCfg = Debug|Any CPU
		{A4C000B7-7928-4FC8-B37C-54BAB382C206}.Debug|Any CPU.Build.0 = Debug|Any CPU
		{A4C000B7-7928-4FC8-B37C-54BAB382C206}.Release|Any CPU.ActiveCfg = Release|Any CPU
		{A4C000B7-7928-4FC8-B37C-54BAB382C206}.Release|Any CPU.Build.0 = Release|Any CPU
	EndGlobalSection
	GlobalSection(SolutionProperties) = preSolution
		HideSolutionNode = FALSE
	EndGlobalSection
	GlobalSection(ExtensibilityGlobals) = postSolution
		SolutionGuid = {4523D3E5-43C3-44CA-BC1D-7F7D134E441A}
	EndGlobalSection
EndGlobal
